
Microsoft Visual Studio Solution File, Format Version 12.00
# Visual Studio 15
VisualStudioVersion = 15.0.27130.2027
MinimumVisualStudioVersion = 10.0.40219.1
Project("{FAE04EC0-301F-11D3-BF4B-00C04F79EFBC}") = "Noriam.SOLID.Model", "Noriam.SOLID.Model\Noriam.SOLID.Model.csproj", "{B7A5522B-AD5F-4C43-8B12-D0C32F168257}"
EndProject
Project("{FAE04EC0-301F-11D3-BF4B-00C04F79EFBC}") = "Noriam.SOLID.Services", "Noriam.SOLID.Services\Noriam.SOLID.Services.csproj", "{0A31E789-0FFB-4B0D-BB6A-4748A478130D}"
EndProject
Project("{FAE04EC0-301F-11D3-BF4B-00C04F79EFBC}") = "Noriam.SOLID.Services.Test", "Noriam.SOLID.Services.Test\Noriam.SOLID.Services.Test.csproj", "{AD68B2C2-FF04-4036-96B4-988D3DBC0DBC}"
EndProject
Global
	GlobalSection(SolutionConfigurationPlatforms) = preSolution
		Debug|Any CPU = Debug|Any CPU
		Release|Any CPU = Release|Any CPU
	EndGlobalSection
	GlobalSection(ProjectConfigurationPlatforms) = postSolution
		{B7A5522B-AD5F-4C43-8B12-D0C32F168257}.Debug|Any CPU.ActiveCfg = Debug|Any CPU
		{B7A5522B-AD5F-4C43-8B12-D0C32F168257}.Debug|Any CPU.Build.0 = Debug|Any CPU
		{B7A5522B-AD5F-4C43-8B12-D0C32F168257}.Release|Any CPU.ActiveCfg = Release|Any CPU
		{B7A5522B-AD5F-4C43-8B12-D0C32F168257}.Release|Any CPU.Build.0 = Release|Any CPU
		{0A31E789-0FFB-4B0D-BB6A-4748A478130D}.Debug|Any CPU.ActiveCfg = Debug|Any CPU
		{0A31E789-0FFB-4B0D-BB6A-4748A478130D}.Debug|Any CPU.Build.0 = Debug|Any CPU
		{0A31E789-0FFB-4B0D-BB6A-4748A478130D}.Release|Any CPU.ActiveCfg = Release|Any CPU
		{0A31E789-0FFB-4B0D-BB6A-4748A478130D}.Release|Any CPU.Build.0 = Release|Any CPU
		{AD68B2C2-FF04-4036-96B4-988D3DBC0DBC}.Debug|Any CPU.ActiveCfg = Debug|Any CPU
		{AD68B2C2-FF04-4036-96B4-988D3DBC0DBC}.Debug|Any CPU.Build.0 = Debug|Any CPU
		{AD68B2C2-FF04-4036-96B4-988D3DBC0DBC}.Release|Any CPU.ActiveCfg = Release|Any CPU
		{AD68B2C2-FF04-4036-96B4-988D3DBC0DBC}.Release|Any CPU.Build.0 = Release|Any CPU
	EndGlobalSection
	GlobalSection(SolutionProperties) = preSolution
		HideSolutionNode = FALSE
	EndGlobalSection
	GlobalSection(ExtensibilityGlobals) = postSolution
		SolutionGuid = {D5227185-663E-4E0B-BC3D-32DC9D31CCD7}
	EndGlobalSection
EndGlobal
